
Microsoft Visual Studio Solution File, Format Version 12.00
# Visual Studio Version 17
VisualStudioVersion = 17.10.35122.118
MinimumVisualStudioVersion = 10.0.40219.1
Project("{FAE04EC0-301F-11D3-BF4B-00C04F79EFBC}") = "BattleShip", "BattleShip\BattleShip.csproj", "{637579BF-A0A1-4462-84AF-88B41D9C6ACD}"
EndProject
Global
	GlobalSection(SolutionConfigurationPlatforms) = preSolution
		Debug|Any CPU = Debug|Any CPU
		Release|Any CPU = Release|Any CPU
	EndGlobalSection
	GlobalSection(ProjectConfigurationPlatforms) = postSolution
		{637579BF-A0A1-4462-84AF-88B41D9C6ACD}.Debug|Any CPU.ActiveCfg = Debug|Any CPU
		{637579BF-A0A1-4462-84AF-88B41D9C6ACD}.Debug|Any CPU.Build.0 = Debug|Any CPU
		{637579BF-A0A1-4462-84AF-88B41D9C6ACD}.Release|Any CPU.ActiveCfg = Release|Any CPU
		{637579BF-A0A1-4462-84AF-88B41D9C6ACD}.Release|Any CPU.Build.0 = Release|Any CPU
	EndGlobalSection
	GlobalSection(SolutionProperties) = preSolution
		HideSolutionNode = FALSE
	EndGlobalSection
	GlobalSection(ExtensibilityGlobals) = postSolution
		SolutionGuid = {453C129A-F081-4879-A644-7254C4FC89BF}
	EndGlobalSection
EndGlobal
